
Microsoft Visual Studio Solution File, Format Version 12.00
# Visual Studio Version 17
VisualStudioVersion = 17.10.35122.118
MinimumVisualStudioVersion = 10.0.40219.1
Project("{9A19103F-16F7-4668-BE54-9A1E7A4F7556}") = "MyOnlineCV", "MyOnlineCV.csproj", "{611EED8A-5A6F-4514-AC39-4C191E2D70AD}"
EndProject
Global
	GlobalSection(SolutionConfigurationPlatforms) = preSolution
		Debug|Any CPU = Debug|Any CPU
		Release|Any CPU = Release|Any CPU
	EndGlobalSection
	GlobalSection(ProjectConfigurationPlatforms) = postSolution
		{611EED8A-5A6F-4514-AC39-4C191E2D70AD}.Debug|Any CPU.ActiveCfg = Debug|Any CPU
		{611EED8A-5A6F-4514-AC39-4C191E2D70AD}.Debug|Any CPU.Build.0 = Debug|Any CPU
		{611EED8A-5A6F-4514-AC39-4C191E2D70AD}.Release|Any CPU.ActiveCfg = Release|Any CPU
		{611EED8A-5A6F-4514-AC39-4C191E2D70AD}.Release|Any CPU.Build.0 = Release|Any CPU
	EndGlobalSection
	GlobalSection(SolutionProperties) = preSolution
		HideSolutionNode = FALSE
	EndGlobalSection
	GlobalSection(ExtensibilityGlobals) = postSolution
		SolutionGuid = {812DFF57-C5E5-402F-B26E-33E63577432B}
	EndGlobalSection
EndGlobal
